
Microsoft Visual Studio Solution File, Format Version 12.00
# Visual Studio Version 17
VisualStudioVersion = 17.9.34622.214
MinimumVisualStudioVersion = 10.0.40219.1
Project("{FAE04EC0-301F-11D3-BF4B-00C04F79EFBC}") = "TodoApp", "TodoApp\TodoApp.csproj", "{74FF43C2-7598-4189-9B0C-DB5C08B6C4B1}"
EndProject
Global
	GlobalSection(SolutionConfigurationPlatforms) = preSolution
		Debug|Any CPU = Debug|Any CPU
		Release|Any CPU = Release|Any CPU
	EndGlobalSection
	GlobalSection(ProjectConfigurationPlatforms) = postSolution
		{74FF43C2-7598-4189-9B0C-DB5C08B6C4B1}.Debug|Any CPU.ActiveCfg = Debug|Any CPU
		{74FF43C2-7598-4189-9B0C-DB5C08B6C4B1}.Debug|Any CPU.Build.0 = Debug|Any CPU
		{74FF43C2-7598-4189-9B0C-DB5C08B6C4B1}.Release|Any CPU.ActiveCfg = Release|Any CPU
		{74FF43C2-7598-4189-9B0C-DB5C08B6C4B1}.Release|Any CPU.Build.0 = Release|Any CPU
	EndGlobalSection
	GlobalSection(SolutionProperties) = preSolution
		HideSolutionNode = FALSE
	EndGlobalSection
	GlobalSection(ExtensibilityGlobals) = postSolution
		SolutionGuid = {6385B5D0-2CFE-4E54-8D96-C1563D809A5E}
	EndGlobalSection
EndGlobal
